
Microsoft Visual Studio Solution File, Format Version 12.00
# Visual Studio 15
VisualStudioVersion = 15.0.28307.106
MinimumVisualStudioVersion = 10.0.40219.1
Project("{FAE04EC0-301F-11D3-BF4B-00C04F79EFBC}") = "labnumber4", "labnumber4\labnumber4.csproj", "{9B30AD64-8C02-46F6-B603-8A5683480441}"
EndProject
Global
	GlobalSection(SolutionConfigurationPlatforms) = preSolution
		Debug|Any CPU = Debug|Any CPU
		Release|Any CPU = Release|Any CPU
	EndGlobalSection
	GlobalSection(ProjectConfigurationPlatforms) = postSolution
		{9B30AD64-8C02-46F6-B603-8A5683480441}.Debug|Any CPU.ActiveCfg = Debug|Any CPU
		{9B30AD64-8C02-46F6-B603-8A5683480441}.Debug|Any CPU.Build.0 = Debug|Any CPU
		{9B30AD64-8C02-46F6-B603-8A5683480441}.Release|Any CPU.ActiveCfg = Release|Any CPU
		{9B30AD64-8C02-46F6-B603-8A5683480441}.Release|Any CPU.Build.0 = Release|Any CPU
	EndGlobalSection
	GlobalSection(SolutionProperties) = preSolution
		HideSolutionNode = FALSE
	EndGlobalSection
	GlobalSection(ExtensibilityGlobals) = postSolution
		SolutionGuid = {67A77FBC-09A1-4247-A270-B54E2F67D240}
	EndGlobalSection
EndGlobal
